
Microsoft Visual Studio Solution File, Format Version 12.00
# Visual Studio 2015
Project("{FAE04EC0-301F-11D3-BF4B-00C04F79EFBC}") = "EntitasTurnBasedGame.CSharp", "EntitasTurnBasedGame.CSharp.csproj", "{449A0BB6-D502-4833-BBB1-9143197DECD1}"
EndProject
Project("{FAE04EC0-301F-11D3-BF4B-00C04F79EFBC}") = "EntitasTurnBasedGame.CSharp.Editor", "EntitasTurnBasedGame.CSharp.Editor.csproj", "{D9D173DE-8A78-31F1-F7D3-7E1EDCBE8DC3}"
EndProject
Global
	GlobalSection(SolutionConfigurationPlatforms) = preSolution
		Debug|Any CPU = Debug|Any CPU
		Release|Any CPU = Release|Any CPU
	EndGlobalSection
	GlobalSection(ProjectConfigurationPlatforms) = postSolution
		{449A0BB6-D502-4833-BBB1-9143197DECD1}.Debug|Any CPU.ActiveCfg = Debug|Any CPU
		{449A0BB6-D502-4833-BBB1-9143197DECD1}.Debug|Any CPU.Build.0 = Debug|Any CPU
		{449A0BB6-D502-4833-BBB1-9143197DECD1}.Release|Any CPU.ActiveCfg = Release|Any CPU
		{449A0BB6-D502-4833-BBB1-9143197DECD1}.Release|Any CPU.Build.0 = Release|Any CPU
		{D9D173DE-8A78-31F1-F7D3-7E1EDCBE8DC3}.Debug|Any CPU.ActiveCfg = Debug|Any CPU
		{D9D173DE-8A78-31F1-F7D3-7E1EDCBE8DC3}.Debug|Any CPU.Build.0 = Debug|Any CPU
		{D9D173DE-8A78-31F1-F7D3-7E1EDCBE8DC3}.Release|Any CPU.ActiveCfg = Release|Any CPU
		{D9D173DE-8A78-31F1-F7D3-7E1EDCBE8DC3}.Release|Any CPU.Build.0 = Release|Any CPU
	EndGlobalSection
	GlobalSection(SolutionProperties) = preSolution
		HideSolutionNode = FALSE
	EndGlobalSection
EndGlobal
